
Microsoft Visual Studio Solution File, Format Version 12.00
# Visual Studio Version 17
VisualStudioVersion = 17.5.33502.453
MinimumVisualStudioVersion = 10.0.40219.1
Project("{FAE04EC0-301F-11D3-BF4B-00C04F79EFBC}") = "MathTaskClassLibrary", "MathTaskClassLibrary\MathTaskClassLibrary.csproj", "{FF114130-E730-49AF-B7D0-38E4D4E5DFF2}"
EndProject
Project("{FAE04EC0-301F-11D3-BF4B-00C04F79EFBC}") = "MathTaskClassLibraryTests", "MathTaskClassLibraryTests\MathTaskClassLibraryTests.csproj", "{9373A349-B86F-4469-8144-8D945B4A8FCC}"
EndProject
Global
	GlobalSection(SolutionConfigurationPlatforms) = preSolution
		Debug|Any CPU = Debug|Any CPU
		Release|Any CPU = Release|Any CPU
	EndGlobalSection
	GlobalSection(ProjectConfigurationPlatforms) = postSolution
		{FF114130-E730-49AF-B7D0-38E4D4E5DFF2}.Debug|Any CPU.ActiveCfg = Debug|Any CPU
		{FF114130-E730-49AF-B7D0-38E4D4E5DFF2}.Debug|Any CPU.Build.0 = Debug|Any CPU
		{FF114130-E730-49AF-B7D0-38E4D4E5DFF2}.Release|Any CPU.ActiveCfg = Release|Any CPU
		{FF114130-E730-49AF-B7D0-38E4D4E5DFF2}.Release|Any CPU.Build.0 = Release|Any CPU
		{9373A349-B86F-4469-8144-8D945B4A8FCC}.Debug|Any CPU.ActiveCfg = Debug|Any CPU
		{9373A349-B86F-4469-8144-8D945B4A8FCC}.Debug|Any CPU.Build.0 = Debug|Any CPU
		{9373A349-B86F-4469-8144-8D945B4A8FCC}.Release|Any CPU.ActiveCfg = Release|Any CPU
		{9373A349-B86F-4469-8144-8D945B4A8FCC}.Release|Any CPU.Build.0 = Release|Any CPU
	EndGlobalSection
	GlobalSection(SolutionProperties) = preSolution
		HideSolutionNode = FALSE
	EndGlobalSection
	GlobalSection(ExtensibilityGlobals) = postSolution
		SolutionGuid = {840F92E7-B488-4298-9239-3A70FB096BF8}
	EndGlobalSection
EndGlobal
